--- 
dependencies: 
  timecop: 
    group: 
    - :development
    version: ~> 0.3.0
  rspec: 
    group: 
    - :development
    version: ">= 2.0.0.beta.17"
specs: 
- diff-lcs: 
    version: 1.1.2
- rspec-core: 
    version: 2.0.0.beta.17
- rspec-expectations: 
    version: 2.0.0.beta.17
- rspec-mocks: 
    version: 2.0.0.beta.17
- rspec: 
    version: 2.0.0.beta.17
- timecop: 
    version: 0.3.5
hash: 7a816c31ddbda5bc9af33570ccfb32965bb15115
sources: 
- Rubygems: 
    uri: http://rubygems.org
